# This file is automatically @generated by Cargo.
# It is not intended for manual editing.
version = 3

[[package]]
name = "bitflags"
version = "1.3.2"
source = "registry+https://github.com/rust-lang/crates.io-index"
checksum = "bef38d45163c2f1dde094a7dfd33ccf595c92905c8f8f4fdc18d06fb1037718a"

[[package]]
name = "dasp_frame"
version = "0.11.0"
source = "registry+https://github.com/rust-lang/crates.io-index"
checksum = "b2a3937f5fe2135702897535c8d4a5553f8b116f76c1529088797f2eee7c5cd6"
dependencies = [
 "dasp_sample",
]

[[package]]
name = "dasp_sample"
version = "0.11.0"
source = "registry+https://github.com/rust-lang/crates.io-index"
checksum = "0c87e182de0887fd5361989c677c4e8f5000cd9491d6d563161a8f3a5519fc7f"

[[package]]
name = "ebur128"
version = "0.1.8"
source = "registry+https://github.com/rust-lang/crates.io-index"
checksum = "12aebdd6b6b47b5880c049efb0e77f8762178a0745ef778878908f5981c05f52"
dependencies = [
 "bitflags",
 "dasp_frame",
 "dasp_sample",
 "smallvec",
]

[[package]]
name = "exp"
version = "0.1.0"
dependencies = [
 "ebur128",
 "wav",
]

[[package]]
name = "riff"
version = "1.0.1"
source = "registry+https://github.com/rust-lang/crates.io-index"
checksum = "b9b1a3d5f46d53f4a3478e2be4a5a5ce5108ea58b100dcd139830eae7f79a3a1"

[[package]]
name = "smallvec"
version = "1.11.2"
source = "registry+https://github.com/rust-lang/crates.io-index"
checksum = "4dccd0940a2dcdf68d092b8cbab7dc0ad8fa938bf95787e1b916b0e3d0e8e970"

[[package]]
name = "wav"
version = "1.0.0"
source = "registry+https://github.com/rust-lang/crates.io-index"
checksum = "a65e199c799848b4f997072aa4d673c034f80f40191f97fe2f0a23f410be1609"
dependencies = [
 "riff",
]
